
Microsoft Visual Studio Solution File, Format Version 12.00
# Visual Studio Version 17
VisualStudioVersion = 17.13.35931.197 d17.13
MinimumVisualStudioVersion = 10.0.40219.1
Project("{FAE04EC0-301F-11D3-BF4B-00C04F79EFBC}") = "枚举", "枚举\枚举.csproj", "{3BE81CAD-ABA1-45F2-B7A9-D75909FAAEEE}"
EndProject
Project("{FAE04EC0-301F-11D3-BF4B-00C04F79EFBC}") = "枚举习题", "枚举习题\枚举习题.csproj", "{E2785FEC-9B52-4600-A6A9-0790DA6C56F1}"
EndProject
Project("{FAE04EC0-301F-11D3-BF4B-00C04F79EFBC}") = "数组", "数组\数组.csproj", "{57681946-3FDB-4201-A862-4CB9CD58FA9F}"
EndProject
Project("{FAE04EC0-301F-11D3-BF4B-00C04F79EFBC}") = "数组习题", "数组习题\数组习题.csproj", "{93824A24-1235-4A43-A56E-12726E1D6969}"
EndProject
Project("{FAE04EC0-301F-11D3-BF4B-00C04F79EFBC}") = "二维数组", "二维数组\二维数组.csproj", "{123B3AB8-CC58-4BEF-AE6F-8F73927D9BAB}"
EndProject
Project("{FAE04EC0-301F-11D3-BF4B-00C04F79EFBC}") = "二维数组习题", "二维数组习题\二维数组习题.csproj", "{A4C3846A-F7F5-46F0-AA70-75C3453126D5}"
EndProject
Project("{FAE04EC0-301F-11D3-BF4B-00C04F79EFBC}") = "交错数组", "交错数组\交错数组.csproj", "{61A07C49-FDCD-4278-BF6D-90429DF9F454}"
EndProject
Project("{FAE04EC0-301F-11D3-BF4B-00C04F79EFBC}") = "值类型和引用类型", "值类型和引用类型\值类型和引用类型.csproj", "{B3DCF943-D3DB-4D5C-9CCF-2769B27A8763}"
EndProject
Project("{FAE04EC0-301F-11D3-BF4B-00C04F79EFBC}") = "函数", "函数\函数.csproj", "{21F2D652-32B5-4B9D-BD27-5E0288CFD441}"
EndProject
Project("{FAE04EC0-301F-11D3-BF4B-00C04F79EFBC}") = "函数习题", "函数习题\函数习题.csproj", "{0C8982C4-3857-4D6D-B28D-904E964EF750}"
EndProject
Project("{FAE04EC0-301F-11D3-BF4B-00C04F79EFBC}") = "ref和out", "ref和out\ref和out.csproj", "{520CAE34-0489-468A-96FA-F34DBB64FF6D}"
EndProject
Project("{FAE04EC0-301F-11D3-BF4B-00C04F79EFBC}") = "ref和out 习题", "ref和out 习题\ref和out 习题.csproj", "{BF64CB47-BD60-4907-8334-E822D716646B}"
EndProject
Project("{FAE04EC0-301F-11D3-BF4B-00C04F79EFBC}") = "变长参数", "变长参数\变长参数.csproj", "{55D5C403-3932-46C8-8DB8-9511CB73496B}"
EndProject
Project("{FAE04EC0-301F-11D3-BF4B-00C04F79EFBC}") = "变长参数和参数默认值习题", "变长参数和参数默认值习题\变长参数和参数默认值习题.csproj", "{E9E6A8FC-7427-42D4-B790-8C6E051A0454}"
EndProject
Project("{FAE04EC0-301F-11D3-BF4B-00C04F79EFBC}") = "函数重载", "函数重载\函数重载.csproj", "{83E57A8F-B80F-467E-AC3C-C9B4AC01D131}"
EndProject
Project("{FAE04EC0-301F-11D3-BF4B-00C04F79EFBC}") = "函数重载习题", "函数重载习题\函数重载习题.csproj", "{EAC4407D-D010-4186-8F7D-521151539838}"
EndProject
Project("{FAE04EC0-301F-11D3-BF4B-00C04F79EFBC}") = "递归", "递归\递归.csproj", "{F03F9E80-8F02-4358-ABBD-DFE10DC77290}"
EndProject
Project("{FAE04EC0-301F-11D3-BF4B-00C04F79EFBC}") = "递归习题", "递归习题\递归习题.csproj", "{93BA0CDB-A80A-4A48-8FBD-05760E5BC5CD}"
EndProject
Project("{FAE04EC0-301F-11D3-BF4B-00C04F79EFBC}") = "结构体", "结构体\结构体.csproj", "{16D03F27-CC70-4BD6-B898-08A1D01CCEF4}"
EndProject
Project("{FAE04EC0-301F-11D3-BF4B-00C04F79EFBC}") = "结构体习题", "结构体习题\结构体习题.csproj", "{ECB43764-7D12-4DD3-8253-33099C3F47B7}"
EndProject
Project("{FAE04EC0-301F-11D3-BF4B-00C04F79EFBC}") = "冒泡排序", "冒泡排序\冒泡排序.csproj", "{4BD0878A-F162-460C-A127-4421C9EFB6D3}"
EndProject
Project("{FAE04EC0-301F-11D3-BF4B-00C04F79EFBC}") = "冒泡排序习题", "冒泡排序习题\冒泡排序习题.csproj", "{58B656D9-6C50-41D8-9981-6BB0F60DF2D5}"
EndProject
Project("{FAE04EC0-301F-11D3-BF4B-00C04F79EFBC}") = "选择排序", "选择排序\选择排序.csproj", "{8D986278-9F7F-40CF-A4B6-BAEC4C284BDD}"
EndProject
Project("{FAE04EC0-301F-11D3-BF4B-00C04F79EFBC}") = "选择排序习题", "选择排序习题\选择排序习题.csproj", "{121467DE-D330-4D2C-8B9F-3D0629B10878}"
EndProject
Project("{FAE04EC0-301F-11D3-BF4B-00C04F79EFBC}") = "控制台小游戏_投骰子", "控制台小游戏_投骰子\控制台小游戏_投骰子.csproj", "{41C7E0F1-6A28-FAED-126F-D8A6419D8FFF}"
EndProject
Global
	GlobalSection(SolutionConfigurationPlatforms) = preSolution
		Debug|Any CPU = Debug|Any CPU
		Release|Any CPU = Release|Any CPU
	EndGlobalSection
	GlobalSection(ProjectConfigurationPlatforms) = postSolution
		{3BE81CAD-ABA1-45F2-B7A9-D75909FAAEEE}.Debug|Any CPU.ActiveCfg = Debug|Any CPU
		{3BE81CAD-ABA1-45F2-B7A9-D75909FAAEEE}.Debug|Any CPU.Build.0 = Debug|Any CPU
		{3BE81CAD-ABA1-45F2-B7A9-D75909FAAEEE}.Release|Any CPU.ActiveCfg = Release|Any CPU
		{3BE81CAD-ABA1-45F2-B7A9-D75909FAAEEE}.Release|Any CPU.Build.0 = Release|Any CPU
		{E2785FEC-9B52-4600-A6A9-0790DA6C56F1}.Debug|Any CPU.ActiveCfg = Debug|Any CPU
		{E2785FEC-9B52-4600-A6A9-0790DA6C56F1}.Debug|Any CPU.Build.0 = Debug|Any CPU
		{E2785FEC-9B52-4600-A6A9-0790DA6C56F1}.Release|Any CPU.ActiveCfg = Release|Any CPU
		{E2785FEC-9B52-4600-A6A9-0790DA6C56F1}.Release|Any CPU.Build.0 = Release|Any CPU
		{57681946-3FDB-4201-A862-4CB9CD58FA9F}.Debug|Any CPU.ActiveCfg = Debug|Any CPU
		{57681946-3FDB-4201-A862-4CB9CD58FA9F}.Debug|Any CPU.Build.0 = Debug|Any CPU
		{57681946-3FDB-4201-A862-4CB9CD58FA9F}.Release|Any CPU.ActiveCfg = Release|Any CPU
		{57681946-3FDB-4201-A862-4CB9CD58FA9F}.Release|Any CPU.Build.0 = Release|Any CPU
		{93824A24-1235-4A43-A56E-12726E1D6969}.Debug|Any CPU.ActiveCfg = Debug|Any CPU
		{93824A24-1235-4A43-A56E-12726E1D6969}.Debug|Any CPU.Build.0 = Debug|Any CPU
		{93824A24-1235-4A43-A56E-12726E1D6969}.Release|Any CPU.ActiveCfg = Release|Any CPU
		{93824A24-1235-4A43-A56E-12726E1D6969}.Release|Any CPU.Build.0 = Release|Any CPU
		{123B3AB8-CC58-4BEF-AE6F-8F73927D9BAB}.Debug|Any CPU.ActiveCfg = Debug|Any CPU
		{123B3AB8-CC58-4BEF-AE6F-8F73927D9BAB}.Debug|Any CPU.Build.0 = Debug|Any CPU
		{123B3AB8-CC58-4BEF-AE6F-8F73927D9BAB}.Release|Any CPU.ActiveCfg = Release|Any CPU
		{123B3AB8-CC58-4BEF-AE6F-8F73927D9BAB}.Release|Any CPU.Build.0 = Release|Any CPU
		{A4C3846A-F7F5-46F0-AA70-75C3453126D5}.Debug|Any CPU.ActiveCfg = Debug|Any CPU
		{A4C3846A-F7F5-46F0-AA70-75C3453126D5}.Debug|Any CPU.Build.0 = Debug|Any CPU
		{A4C3846A-F7F5-46F0-AA70-75C3453126D5}.Release|Any CPU.ActiveCfg = Release|Any CPU
		{A4C3846A-F7F5-46F0-AA70-75C3453126D5}.Release|Any CPU.Build.0 = Release|Any CPU
		{61A07C49-FDCD-4278-BF6D-90429DF9F454}.Debug|Any CPU.ActiveCfg = Debug|Any CPU
		{61A07C49-FDCD-4278-BF6D-90429DF9F454}.Debug|Any CPU.Build.0 = Debug|Any CPU
		{61A07C49-FDCD-4278-BF6D-90429DF9F454}.Release|Any CPU.ActiveCfg = Release|Any CPU
		{61A07C49-FDCD-4278-BF6D-90429DF9F454}.Release|Any CPU.Build.0 = Release|Any CPU
		{B3DCF943-D3DB-4D5C-9CCF-2769B27A8763}.Debug|Any CPU.ActiveCfg = Debug|Any CPU
		{B3DCF943-D3DB-4D5C-9CCF-2769B27A8763}.Debug|Any CPU.Build.0 = Debug|Any CPU
		{B3DCF943-D3DB-4D5C-9CCF-2769B27A8763}.Release|Any CPU.ActiveCfg = Release|Any CPU
		{B3DCF943-D3DB-4D5C-9CCF-2769B27A8763}.Release|Any CPU.Build.0 = Release|Any CPU
		{21F2D652-32B5-4B9D-BD27-5E0288CFD441}.Debug|Any CPU.ActiveCfg = Debug|Any CPU
		{21F2D652-32B5-4B9D-BD27-5E0288CFD441}.Debug|Any CPU.Build.0 = Debug|Any CPU
		{21F2D652-32B5-4B9D-BD27-5E0288CFD441}.Release|Any CPU.ActiveCfg = Release|Any CPU
		{21F2D652-32B5-4B9D-BD27-5E0288CFD441}.Release|Any CPU.Build.0 = Release|Any CPU
		{0C8982C4-3857-4D6D-B28D-904E964EF750}.Debug|Any CPU.ActiveCfg = Debug|Any CPU
		{0C8982C4-3857-4D6D-B28D-904E964EF750}.Debug|Any CPU.Build.0 = Debug|Any CPU
		{0C8982C4-3857-4D6D-B28D-904E964EF750}.Release|Any CPU.ActiveCfg = Release|Any CPU
		{0C8982C4-3857-4D6D-B28D-904E964EF750}.Release|Any CPU.Build.0 = Release|Any CPU
		{520CAE34-0489-468A-96FA-F34DBB64FF6D}.Debug|Any CPU.ActiveCfg = Debug|Any CPU
		{520CAE34-0489-468A-96FA-F34DBB64FF6D}.Debug|Any CPU.Build.0 = Debug|Any CPU
		{520CAE34-0489-468A-96FA-F34DBB64FF6D}.Release|Any CPU.ActiveCfg = Release|Any CPU
		{520CAE34-0489-468A-96FA-F34DBB64FF6D}.Release|Any CPU.Build.0 = Release|Any CPU
		{BF64CB47-BD60-4907-8334-E822D716646B}.Debug|Any CPU.ActiveCfg = Debug|Any CPU
		{BF64CB47-BD60-4907-8334-E822D716646B}.Debug|Any CPU.Build.0 = Debug|Any CPU
		{BF64CB47-BD60-4907-8334-E822D716646B}.Release|Any CPU.ActiveCfg = Release|Any CPU
		{BF64CB47-BD60-4907-8334-E822D716646B}.Release|Any CPU.Build.0 = Release|Any CPU
		{55D5C403-3932-46C8-8DB8-9511CB73496B}.Debug|Any CPU.ActiveCfg = Debug|Any CPU
		{55D5C403-3932-46C8-8DB8-9511CB73496B}.Debug|Any CPU.Build.0 = Debug|Any CPU
		{55D5C403-3932-46C8-8DB8-9511CB73496B}.Release|Any CPU.ActiveCfg = Release|Any CPU
		{55D5C403-3932-46C8-8DB8-9511CB73496B}.Release|Any CPU.Build.0 = Release|Any CPU
		{E9E6A8FC-7427-42D4-B790-8C6E051A0454}.Debug|Any CPU.ActiveCfg = Debug|Any CPU
		{E9E6A8FC-7427-42D4-B790-8C6E051A0454}.Debug|Any CPU.Build.0 = Debug|Any CPU
		{E9E6A8FC-7427-42D4-B790-8C6E051A0454}.Release|Any CPU.ActiveCfg = Release|Any CPU
		{E9E6A8FC-7427-42D4-B790-8C6E051A0454}.Release|Any CPU.Build.0 = Release|Any CPU
		{83E57A8F-B80F-467E-AC3C-C9B4AC01D131}.Debug|Any CPU.ActiveCfg = Debug|Any CPU
		{83E57A8F-B80F-467E-AC3C-C9B4AC01D131}.Debug|Any CPU.Build.0 = Debug|Any CPU
		{83E57A8F-B80F-467E-AC3C-C9B4AC01D131}.Release|Any CPU.ActiveCfg = Release|Any CPU
		{83E57A8F-B80F-467E-AC3C-C9B4AC01D131}.Release|Any CPU.Build.0 = Release|Any CPU
		{EAC4407D-D010-4186-8F7D-521151539838}.Debug|Any CPU.ActiveCfg = Debug|Any CPU
		{EAC4407D-D010-4186-8F7D-521151539838}.Debug|Any CPU.Build.0 = Debug|Any CPU
		{EAC4407D-D010-4186-8F7D-521151539838}.Release|Any CPU.ActiveCfg = Release|Any CPU
		{EAC4407D-D010-4186-8F7D-521151539838}.Release|Any CPU.Build.0 = Release|Any CPU
		{F03F9E80-8F02-4358-ABBD-DFE10DC77290}.Debug|Any CPU.ActiveCfg = Debug|Any CPU
		{F03F9E80-8F02-4358-ABBD-DFE10DC77290}.Debug|Any CPU.Build.0 = Debug|Any CPU
		{F03F9E80-8F02-4358-ABBD-DFE10DC77290}.Release|Any CPU.ActiveCfg = Release|Any CPU
		{F03F9E80-8F02-4358-ABBD-DFE10DC77290}.Release|Any CPU.Build.0 = Release|Any CPU
		{93BA0CDB-A80A-4A48-8FBD-05760E5BC5CD}.Debug|Any CPU.ActiveCfg = Debug|Any CPU
		{93BA0CDB-A80A-4A48-8FBD-05760E5BC5CD}.Debug|Any CPU.Build.0 = Debug|Any CPU
		{93BA0CDB-A80A-4A48-8FBD-05760E5BC5CD}.Release|Any CPU.ActiveCfg = Release|Any CPU
		{93BA0CDB-A80A-4A48-8FBD-05760E5BC5CD}.Release|Any CPU.Build.0 = Release|Any CPU
		{16D03F27-CC70-4BD6-B898-08A1D01CCEF4}.Debug|Any CPU.ActiveCfg = Debug|Any CPU
		{16D03F27-CC70-4BD6-B898-08A1D01CCEF4}.Debug|Any CPU.Build.0 = Debug|Any CPU
		{16D03F27-CC70-4BD6-B898-08A1D01CCEF4}.Release|Any CPU.ActiveCfg = Release|Any CPU
		{16D03F27-CC70-4BD6-B898-08A1D01CCEF4}.Release|Any CPU.Build.0 = Release|Any CPU
		{ECB43764-7D12-4DD3-8253-33099C3F47B7}.Debug|Any CPU.ActiveCfg = Debug|Any CPU
		{ECB43764-7D12-4DD3-8253-33099C3F47B7}.Debug|Any CPU.Build.0 = Debug|Any CPU
		{ECB43764-7D12-4DD3-8253-33099C3F47B7}.Release|Any CPU.ActiveCfg = Release|Any CPU
		{ECB43764-7D12-4DD3-8253-33099C3F47B7}.Release|Any CPU.Build.0 = Release|Any CPU
		{4BD0878A-F162-460C-A127-4421C9EFB6D3}.Debug|Any CPU.ActiveCfg = Debug|Any CPU
		{4BD0878A-F162-460C-A127-4421C9EFB6D3}.Debug|Any CPU.Build.0 = Debug|Any CPU
		{4BD0878A-F162-460C-A127-4421C9EFB6D3}.Release|Any CPU.ActiveCfg = Release|Any CPU
		{4BD0878A-F162-460C-A127-4421C9EFB6D3}.Release|Any CPU.Build.0 = Release|Any CPU
		{58B656D9-6C50-41D8-9981-6BB0F60DF2D5}.Debug|Any CPU.ActiveCfg = Debug|Any CPU
		{58B656D9-6C50-41D8-9981-6BB0F60DF2D5}.Debug|Any CPU.Build.0 = Debug|Any CPU
		{58B656D9-6C50-41D8-9981-6BB0F60DF2D5}.Release|Any CPU.ActiveCfg = Release|Any CPU
		{58B656D9-6C50-41D8-9981-6BB0F60DF2D5}.Release|Any CPU.Build.0 = Release|Any CPU
		{8D986278-9F7F-40CF-A4B6-BAEC4C284BDD}.Debug|Any CPU.ActiveCfg = Debug|Any CPU
		{8D986278-9F7F-40CF-A4B6-BAEC4C284BDD}.Debug|Any CPU.Build.0 = Debug|Any CPU
		{8D986278-9F7F-40CF-A4B6-BAEC4C284BDD}.Release|Any CPU.ActiveCfg = Release|Any CPU
		{8D986278-9F7F-40CF-A4B6-BAEC4C284BDD}.Release|Any CPU.Build.0 = Release|Any CPU
		{121467DE-D330-4D2C-8B9F-3D0629B10878}.Debug|Any CPU.ActiveCfg = Debug|Any CPU
		{121467DE-D330-4D2C-8B9F-3D0629B10878}.Debug|Any CPU.Build.0 = Debug|Any CPU
		{121467DE-D330-4D2C-8B9F-3D0629B10878}.Release|Any CPU.ActiveCfg = Release|Any CPU
		{121467DE-D330-4D2C-8B9F-3D0629B10878}.Release|Any CPU.Build.0 = Release|Any CPU
		{41C7E0F1-6A28-FAED-126F-D8A6419D8FFF}.Debug|Any CPU.ActiveCfg = Debug|Any CPU
		{41C7E0F1-6A28-FAED-126F-D8A6419D8FFF}.Debug|Any CPU.Build.0 = Debug|Any CPU
		{41C7E0F1-6A28-FAED-126F-D8A6419D8FFF}.Release|Any CPU.ActiveCfg = Release|Any CPU
		{41C7E0F1-6A28-FAED-126F-D8A6419D8FFF}.Release|Any CPU.Build.0 = Release|Any CPU
	EndGlobalSection
	GlobalSection(SolutionProperties) = preSolution
		HideSolutionNode = FALSE
	EndGlobalSection
	GlobalSection(ExtensibilityGlobals) = postSolution
		SolutionGuid = {9F9B6573-5B37-40D6-BA82-EBDA9E6809D3}
	EndGlobalSection
EndGlobal
